Microsoft Visual Studio Solution File, Format Version 12.00
# Visual Studio 15
VisualStudioVersion = 15.0.28307.1145
MinimumVisualStudioVersion = 10.0.40219.1
Project("{8BC9CEB8-8B4A-11D0-8D11-00A0C91BC942}") = "StopWaitComm", "StopWaitComm.vcxproj", "{6BE97138-9915-41ED-BBE4-78D328F16A8B}"
EndProject
Global
	GlobalSection(SolutionConfigurationPlatforms) = preSolution
		Debug|x86 = Debug|x86
		Release|x86 = Release|x86
	EndGlobalSection
	GlobalSection(ProjectConfigurationPlatforms) = postSolution
		{6BE97138-9915-41ED-BBE4-78D328F16A8B}.Debug|x86.ActiveCfg = Debug|Win32
		{6BE97138-9915-41ED-BBE4-78D328F16A8B}.Debug|x86.Build.0 = Debug|Win32
		{6BE97138-9915-41ED-BBE4-78D328F16A8B}.Release|x86.ActiveCfg = Release|Win32
		{6BE97138-9915-41ED-BBE4-78D328F16A8B}.Release|x86.Build.0 = Release|Win32
	EndGlobalSection
	GlobalSection(SolutionProperties) = preSolution
		HideSolutionNode = FALSE
	EndGlobalSection
	GlobalSection(ExtensibilityGlobals) = postSolution
		SolutionGuid = {0FB1B98C-D084-4E92-BDFB-2C0B28DC2EFC}
	EndGlobalSection
EndGlobal
